
Microsoft Visual Studio Solution File, Format Version 12.00
# Visual Studio Version 17
VisualStudioVersion = 17.5.002.0
MinimumVisualStudioVersion = 10.0.40219.1
Project("{2150E333-8FDC-42A3-9474-1A3956D46DE8}") = "dotnet", "dotnet", "{B9E0AF7C-E0B3-4299-B15B-F74999505517}"
EndProject
Project("{9A19103F-16F7-4668-BE54-9A1E7A4F7556}") = "ApplicationTracker.Model", "dotnet\ApplicationTracker.Model\ApplicationTracker.Model.csproj", "{4B013885-E8D9-48E0-B739-766F636EF814}"
EndProject
Project("{9A19103F-16F7-4668-BE54-9A1E7A4F7556}") = "ApplicationTracker.API", "dotnet\ApplicationTracker.API\ApplicationTracker.API.csproj", "{080D080A-1939-4B62-8D7F-96EA451DBB5D}"
EndProject
Global
	GlobalSection(SolutionConfigurationPlatforms) = preSolution
		Debug|Any CPU = Debug|Any CPU
		Release|Any CPU = Release|Any CPU
	EndGlobalSection
	GlobalSection(ProjectConfigurationPlatforms) = postSolution
		{4B013885-E8D9-48E0-B739-766F636EF814}.Debug|Any CPU.ActiveCfg = Debug|Any CPU
		{4B013885-E8D9-48E0-B739-766F636EF814}.Debug|Any CPU.Build.0 = Debug|Any CPU
		{4B013885-E8D9-48E0-B739-766F636EF814}.Release|Any CPU.ActiveCfg = Release|Any CPU
		{4B013885-E8D9-48E0-B739-766F636EF814}.Release|Any CPU.Build.0 = Release|Any CPU
		{080D080A-1939-4B62-8D7F-96EA451DBB5D}.Debug|Any CPU.ActiveCfg = Debug|Any CPU
		{080D080A-1939-4B62-8D7F-96EA451DBB5D}.Debug|Any CPU.Build.0 = Debug|Any CPU
		{080D080A-1939-4B62-8D7F-96EA451DBB5D}.Release|Any CPU.ActiveCfg = Release|Any CPU
		{080D080A-1939-4B62-8D7F-96EA451DBB5D}.Release|Any CPU.Build.0 = Release|Any CPU
	EndGlobalSection
	GlobalSection(SolutionProperties) = preSolution
		HideSolutionNode = FALSE
	EndGlobalSection
	GlobalSection(NestedProjects) = preSolution
		{4B013885-E8D9-48E0-B739-766F636EF814} = {B9E0AF7C-E0B3-4299-B15B-F74999505517}
		{080D080A-1939-4B62-8D7F-96EA451DBB5D} = {B9E0AF7C-E0B3-4299-B15B-F74999505517}
	EndGlobalSection
	GlobalSection(ExtensibilityGlobals) = postSolution
		SolutionGuid = {3350CD1F-23D2-4E48-AF02-5009317C0CA5}
	EndGlobalSection
EndGlobal
